
Microsoft Visual Studio Solution File, Format Version 12.00
# Visual Studio Version 17
VisualStudioVersion = 17.1.32414.318
MinimumVisualStudioVersion = 10.0.40219.1
Project("{FAE04EC0-301F-11D3-BF4B-00C04F79EFBC}") = "CountWorkingDays", "CountWorkingDays\CountWorkingDays.csproj", "{871D5704-F78E-49D5-BD6A-B79ACCAC3BC5}"
EndProject
Project("{FAE04EC0-301F-11D3-BF4B-00C04F79EFBC}") = "AdvertisementMessage", "AdvertisementMessage\AdvertisementMessage.csproj", "{39D1625C-CE7A-42D5-8A12-5B8353FF6EA8}"
EndProject
Project("{FAE04EC0-301F-11D3-BF4B-00C04F79EFBC}") = "IntersectionOfCircles", "IntersectionOfCircles\IntersectionOfCircles.csproj", "{83BA3E7E-5DF2-4FA0-B1DA-19D35452BA98}"
EndProject
Global
	GlobalSection(SolutionConfigurationPlatforms) = preSolution
		Debug|Any CPU = Debug|Any CPU
		Release|Any CPU = Release|Any CPU
	EndGlobalSection
	GlobalSection(ProjectConfigurationPlatforms) = postSolution
		{871D5704-F78E-49D5-BD6A-B79ACCAC3BC5}.Debug|Any CPU.ActiveCfg = Debug|Any CPU
		{871D5704-F78E-49D5-BD6A-B79ACCAC3BC5}.Debug|Any CPU.Build.0 = Debug|Any CPU
		{871D5704-F78E-49D5-BD6A-B79ACCAC3BC5}.Release|Any CPU.ActiveCfg = Release|Any CPU
		{871D5704-F78E-49D5-BD6A-B79ACCAC3BC5}.Release|Any CPU.Build.0 = Release|Any CPU
		{39D1625C-CE7A-42D5-8A12-5B8353FF6EA8}.Debug|Any CPU.ActiveCfg = Debug|Any CPU
		{39D1625C-CE7A-42D5-8A12-5B8353FF6EA8}.Debug|Any CPU.Build.0 = Debug|Any CPU
		{39D1625C-CE7A-42D5-8A12-5B8353FF6EA8}.Release|Any CPU.ActiveCfg = Release|Any CPU
		{39D1625C-CE7A-42D5-8A12-5B8353FF6EA8}.Release|Any CPU.Build.0 = Release|Any CPU
		{83BA3E7E-5DF2-4FA0-B1DA-19D35452BA98}.Debug|Any CPU.ActiveCfg = Debug|Any CPU
		{83BA3E7E-5DF2-4FA0-B1DA-19D35452BA98}.Debug|Any CPU.Build.0 = Debug|Any CPU
		{83BA3E7E-5DF2-4FA0-B1DA-19D35452BA98}.Release|Any CPU.ActiveCfg = Release|Any CPU
		{83BA3E7E-5DF2-4FA0-B1DA-19D35452BA98}.Release|Any CPU.Build.0 = Release|Any CPU
	EndGlobalSection
	GlobalSection(SolutionProperties) = preSolution
		HideSolutionNode = FALSE
	EndGlobalSection
	GlobalSection(ExtensibilityGlobals) = postSolution
		SolutionGuid = {1B9A7480-2E01-462A-8DFA-F0BB40C56B6A}
	EndGlobalSection
EndGlobal
